// !$*UTF8*$!
{
	archiveVersion = 1;
	classes = {
	};
	objectVersion = 46;
	objects = {

/* Begin PBXBuildFile section */
		0977C0AC1B8B0CA100E052D8 /* Icon-76@2x.png in Resources */ = {isa = PBXBuildFile; fileRef = 0977C0A91B8B0CA100E052D8 /* Icon-76@2x.png */; };
		0977C0AD1B8B0CA100E052D8 /* Icon.png in Resources */ = {isa = PBXBuildFile; fileRef = 0977C0AA1B8B0CA100E052D8 /* Icon.png */; };
		0977C0AE1B8B0CA100E052D8 /* Icon@2x.png in Resources */ = {isa = PBXBuildFile; fileRef = 0977C0AB1B8B0CA100E052D8 /* Icon@2x.png */; };
		09D2E9F91B954E30006A0126 /* NSString+NSDate.m in Sources */ = {isa = PBXBuildFile; fileRef = 09D2E9F81B954E30006A0126 /* NSString+NSDate.m */; };
		09D339C61B8B7487002A50AE /* defaultmao.png in Resources */ = {isa = PBXBuildFile; fileRef = 09D339C51B8B7487002A50AE /* defaultmao.png */; };
		09D3C4FA1B8EB69C0073BBE7 /* TextFieldViewController.m in Sources */ = {isa = PBXBuildFile; fileRef = 09D3C4F91B8EB69C0073BBE7 /* TextFieldViewController.m */; };
		09ECC3991BA12F0600B9088C /* NSArray判断空值.m in Sources */ = {isa = PBXBuildFile; fileRef = 09ECC3981BA12F0600B9088C /* NSArray判断空值.m */; };
		D9B8B32F1A8A0B4800CBDED5 /* MySecondView.m in Sources */ = {isa = PBXBuildFile; fileRef = D9B8B32E1A8A0B4800CBDED5 /* MySecondView.m */; };
		D9B8B3311A8A0B6600CBDED5 /* MySecondView.xib in Resources */ = {isa = PBXBuildFile; fileRef = D9B8B3301A8A0B6600CBDED5 /* MySecondView.xib */; };
		D9B8B3351A8A0FC500CBDED5 /* FirstViewController.m in Sources */ = {isa = PBXBuildFile; fileRef = D9B8B3331A8A0FC500CBDED5 /* FirstViewController.m */; };
		D9B8B3361A8A0FC500CBDED5 /* FirstViewController.xib in Resources */ = {isa = PBXBuildFile; fileRef = D9B8B3341A8A0FC500CBDED5 /* FirstViewController.xib */; };
		D9BA3F251A7F15DB00D14A47 /* MyView.m in Sources */ = {isa = PBXBuildFile; fileRef = D9BA3F241A7F15DB00D14A47 /* MyView.m */; };
		D9BA3F291A7F160800D14A47 /* MyView.xib in Resources */ = {isa = PBXBuildFile; fileRef = D9BA3F281A7F160800D14A47 /* MyView.xib */; };
		D9C26D1B1A790011008011D2 /* main.m in Sources */ = {isa = PBXBuildFile; fileRef = D9C26D1A1A790011008011D2 /* main.m */; };
		D9C26D1E1A790011008011D2 /* AppDelegate.m in Sources */ = {isa = PBXBuildFile; fileRef = D9C26D1D1A790011008011D2 /* AppDelegate.m */; };
		D9C26D211A790011008011D2 /* ViewController.m in Sources */ = {isa = PBXBuildFile; fileRef = D9C26D201A790011008011D2 /* ViewController.m */; };
		D9C26D241A790011008011D2 /* Main.storyboard in Resources */ = {isa = PBXBuildFile; fileRef = D9C26D221A790011008011D2 /* Main.storyboard */; };
		D9C26D261A790011008011D2 /* Images.xcassets in Resources */ = {isa = PBXBuildFile; fileRef = D9C26D251A790011008011D2 /* Images.xcassets */; };
		D9C26D291A790011008011D2 /* LaunchScreen.xib in Resources */ = {isa = PBXBuildFile; fileRef = D9C26D271A790011008011D2 /* LaunchScreen.xib */; };
		D9C26D351A790011008011D2 /* UIbuttonTests.m in Sources */ = {isa = PBXBuildFile; fileRef = D9C26D341A790011008011D2 /* UIbuttonTests.m */; };
		D9E8EE9C1A7E55F300FA6F1B /* TestXibViewController.m in Sources */ = {isa = PBXBuildFile; fileRef = D9E8EE9A1A7E55F300FA6F1B /* TestXibViewController.m */; };
		D9E8EE9D1A7E55F300FA6F1B /* TestXibViewController.xib in Resources */ = {isa = PBXBuildFile; fileRef = D9E8EE9B1A7E55F300FA6F1B /* TestXibViewController.xib */; };
/* End PBXBuildFile section */

/* Begin PBXContainerItemProxy section */
		D9C26D2F1A790011008011D2 /* PBXContainerItemProxy */ = {
			isa = PBXContainerItemProxy;
			containerPortal = D9C26D0D1A790011008011D2 /* Project object */;
			proxyType = 1;
			remoteGlobalIDString = D9C26D141A790011008011D2;
			remoteInfo = UIbutton;
		};
/* End PBXContainerItemProxy section */

/* Begin PBXFileReference section */
		0977C0A91B8B0CA100E052D8 /* Icon-76@2x.png */ = {isa = PBXFileReference; lastKnownFileType = image.png; path = "Icon-76@2x.png"; sourceTree = "<group>"; };
		0977C0AA1B8B0CA100E052D8 /* Icon.png */ = {isa = PBXFileReference; lastKnownFileType = image.png; path = Icon.png; sourceTree = "<group>"; };
		0977C0AB1B8B0CA100E052D8 /* Icon@2x.png */ = {isa = PBXFileReference; lastKnownFileType = image.png; path = "Icon@2x.png"; sourceTree = "<group>"; };
		09D2E9F71B954E30006A0126 /* NSString+NSDate.h */ = {isa = PBXFileReference; fileEncoding = 4; lastKnownFileType = sourcecode.c.h; path = "NSString+NSDate.h"; sourceTree = "<group>"; };
		09D2E9F81B954E30006A0126 /* NSString+NSDate.m */ = {isa = PBXFileReference; fileEncoding = 4; lastKnownFileType = sourcecode.c.objc; path = "NSString+NSDate.m"; sourceTree = "<group>"; };
		09D339C51B8B7487002A50AE /* defaultmao.png */ = {isa = PBXFileReference; lastKnownFileType = image.png; path = defaultmao.png; sourceTree = "<group>"; };
		09D3C4F81B8EB69C0073BBE7 /* TextFieldViewController.h */ = {isa = PBXFileReference; fileEncoding = 4; lastKnownFileType = sourcecode.c.h; path = TextFieldViewController.h; sourceTree = "<group>"; };
		09D3C4F91B8EB69C0073BBE7 /* TextFieldViewController.m */ = {isa = PBXFileReference; fileEncoding = 4; lastKnownFileType = sourcecode.c.objc; path = TextFieldViewController.m; sourceTree = "<group>"; };
		09ECC3971BA12F0600B9088C /* NSArray判断空值.h */ = {isa = PBXFileReference; fileEncoding = 4; lastKnownFileType = sourcecode.c.h; path = "NSArray判断空值.h"; sourceTree = "<group>"; };
		09ECC3981BA12F0600B9088C /* NSArray判断空值.m */ = {isa = PBXFileReference; fileEncoding = 4; lastKnownFileType = sourcecode.c.objc; path = "NSArray判断空值.m"; sourceTree = "<group>"; };
		D9B8B32D1A8A0B4800CBDED5 /* MySecondView.h */ = {isa = PBXFileReference; fileEncoding = 4; lastKnownFileType = sourcecode.c.h; path = MySecondView.h; sourceTree = "<group>"; };
		D9B8B32E1A8A0B4800CBDED5 /* MySecondView.m */ = {isa = PBXFileReference; fileEncoding = 4; lastKnownFileType = sourcecode.c.objc; path = MySecondView.m; sourceTree = "<group>"; };
		D9B8B3301A8A0B6600CBDED5 /* MySecondView.xib */ = {isa = PBXFileReference; fileEncoding = 4; lastKnownFileType = file.xib; path = MySecondView.xib; sourceTree = "<group>"; };
		D9B8B3321A8A0FC500CBDED5 /* FirstViewController.h */ = {isa = PBXFileReference; fileEncoding = 4; lastKnownFileType = sourcecode.c.h; path = FirstViewController.h; sourceTree = "<group>"; };
		D9B8B3331A8A0FC500CBDED5 /* FirstViewController.m */ = {isa = PBXFileReference; fileEncoding = 4; lastKnownFileType = sourcecode.c.objc; path = FirstViewController.m; sourceTree = "<group>"; };
		D9B8B3341A8A0FC500CBDED5 /* FirstViewController.xib */ = {isa = PBXFileReference; fileEncoding = 4; lastKnownFileType = file.xib; path = FirstViewController.xib; sourceTree = "<group>"; };
		D9BA3F231A7F15DB00D14A47 /* MyView.h */ = {isa = PBXFileReference; fileEncoding = 4; lastKnownFileType = sourcecode.c.h; path = MyView.h; sourceTree = "<group>"; };
		D9BA3F241A7F15DB00D14A47 /* MyView.m */ = {isa = PBXFileReference; fileEncoding = 4; lastKnownFileType = sourcecode.c.objc; path = MyView.m; sourceTree = "<group>"; };
		D9BA3F281A7F160800D14A47 /* MyView.xib */ = {isa = PBXFileReference; fileEncoding = 4; lastKnownFileType = file.xib; path = MyView.xib; sourceTree = "<group>"; };
		D9C26D151A790011008011D2 /* UIbutton.app */ = {isa = PBXFileReference; explicitFileType = wrapper.application; includeInIndex = 0; path = UIbutton.app; sourceTree = BUILT_PRODUCTS_DIR; };
		D9C26D191A790011008011D2 /* Info.plist */ = {isa = PBXFileReference; lastKnownFileType = text.plist.xml; path = Info.plist; sourceTree = "<group>"; };
		D9C26D1A1A790011008011D2 /* main.m */ = {isa = PBXFileReference; lastKnownFileType = sourcecode.c.objc; path = main.m; sourceTree = "<group>"; };
		D9C26D1C1A790011008011D2 /* AppDelegate.h */ = {isa = PBXFileReference; lastKnownFileType = sourcecode.c.h; path = AppDelegate.h; sourceTree = "<group>"; };
		D9C26D1D1A790011008011D2 /* AppDelegate.m */ = {isa = PBXFileReference; lastKnownFileType = sourcecode.c.objc; path = AppDelegate.m; sourceTree = "<group>"; };
		D9C26D1F1A790011008011D2 /* ViewController.h */ = {isa = PBXFileReference; lastKnownFileType = sourcecode.c.h; path = ViewController.h; sourceTree = "<group>"; };
		D9C26D201A790011008011D2 /* ViewController.m */ = {isa = PBXFileReference; lastKnownFileType = sourcecode.c.objc; path = ViewController.m; sourceTree = "<group>"; };
		D9C26D231A790011008011D2 /* Base */ = {isa = PBXFileReference; lastKnownFileType = file.storyboard; name = Base; path = Base.lproj/Main.storyboard; sourceTree = "<group>"; };
		D9C26D251A790011008011D2 /* Images.xcassets */ = {isa = PBXFileReference; lastKnownFileType = folder.assetcatalog; path = Images.xcassets; sourceTree = "<group>"; };
		D9C26D281A790011008011D2 /* Base */ = {isa = PBXFileReference; lastKnownFileType = file.xib; name = Base; path = Base.lproj/LaunchScreen.xib; sourceTree = "<group>"; };
		D9C26D2E1A790011008011D2 /* UIbuttonTests.xctest */ = {isa = PBXFileReference; explicitFileType = wrapper.cfbundle; includeInIndex = 0; path = UIbuttonTests.xctest; sourceTree = BUILT_PRODUCTS_DIR; };
		D9C26D331A790011008011D2 /* Info.plist */ = {isa = PBXFileReference; lastKnownFileType = text.plist.xml; path = Info.plist; sourceTree = "<group>"; };
		D9C26D341A790011008011D2 /* UIbuttonTests.m */ = {isa = PBXFileReference; lastKnownFileType = sourcecode.c.objc; path = UIbuttonTests.m; sourceTree = "<group>"; };
		D9E8EE991A7E55F300FA6F1B /* TestXibViewController.h */ = {isa = PBXFileReference; fileEncoding = 4; lastKnownFileType = sourcecode.c.h; path = TestXibViewController.h; sourceTree = "<group>"; };
		D9E8EE9A1A7E55F300FA6F1B /* TestXibViewController.m */ = {isa = PBXFileReference; fileEncoding = 4; lastKnownFileType = sourcecode.c.objc; path = TestXibViewController.m; sourceTree = "<group>"; };
		D9E8EE9B1A7E55F300FA6F1B /* TestXibViewController.xib */ = {isa = PBXFileReference; fileEncoding = 4; lastKnownFileType = file.xib; path = TestXibViewController.xib; sourceTree = "<group>"; };
/* End PBXFileReference section */

/* Begin PBXFrameworksBuildPhase section */
		D9C26D121A790011008011D2 /* Frameworks */ = {
			isa = PBXFrameworksBuildPhase;
			buildActionMask = 2147483647;
			files = (
			);
			runOnlyForDeploymentPostprocessing = 0;
		};
		D9C26D2B1A790011008011D2 /* Frameworks */ = {
			isa = PBXFrameworksBuildPhase;
			buildActionMask = 2147483647;
			files = (
			);
			runOnlyForDeploymentPostprocessing = 0;
		};
/* End PBXFrameworksBuildPhase section */

/* Begin PBXGroup section */
		D9C26D0C1A790011008011D2 = {
			isa = PBXGroup;
			children = (
				D9C26D171A790011008011D2 /* UIbutton */,
				D9C26D311A790011008011D2 /* UIbuttonTests */,
				D9C26D161A790011008011D2 /* Products */,
			);
			sourceTree = "<group>";
		};
		D9C26D161A790011008011D2 /* Products */ = {
			isa = PBXGroup;
			children = (
				D9C26D151A790011008011D2 /* UIbutton.app */,
				D9C26D2E1A790011008011D2 /* UIbuttonTests.xctest */,
			);
			name = Products;
			sourceTree = "<group>";
		};
		D9C26D171A790011008011D2 /* UIbutton */ = {
			isa = PBXGroup;
			children = (
				0977C0A91B8B0CA100E052D8 /* Icon-76@2x.png */,
				0977C0AA1B8B0CA100E052D8 /* Icon.png */,
				0977C0AB1B8B0CA100E052D8 /* Icon@2x.png */,
				09D339C51B8B7487002A50AE /* defaultmao.png */,
				D9C26D1C1A790011008011D2 /* AppDelegate.h */,
				D9C26D1D1A790011008011D2 /* AppDelegate.m */,
				D9C26D1F1A790011008011D2 /* ViewController.h */,
				D9C26D201A790011008011D2 /* ViewController.m */,
				09D3C4F81B8EB69C0073BBE7 /* TextFieldViewController.h */,
				09D3C4F91B8EB69C0073BBE7 /* TextFieldViewController.m */,
				09D2E9F71B954E30006A0126 /* NSString+NSDate.h */,
				09D2E9F81B954E30006A0126 /* NSString+NSDate.m */,
				09ECC3971BA12F0600B9088C /* NSArray判断空值.h */,
				09ECC3981BA12F0600B9088C /* NSArray判断空值.m */,
				D9C26D221A790011008011D2 /* Main.storyboard */,
				D9B8B3321A8A0FC500CBDED5 /* FirstViewController.h */,
				D9B8B3331A8A0FC500CBDED5 /* FirstViewController.m */,
				D9B8B3341A8A0FC500CBDED5 /* FirstViewController.xib */,
				D9B8B32D1A8A0B4800CBDED5 /* MySecondView.h */,
				D9B8B32E1A8A0B4800CBDED5 /* MySecondView.m */,
				D9B8B3301A8A0B6600CBDED5 /* MySecondView.xib */,
				D9BA3F231A7F15DB00D14A47 /* MyView.h */,
				D9BA3F241A7F15DB00D14A47 /* MyView.m */,
				D9BA3F281A7F160800D14A47 /* MyView.xib */,
				D9E8EE991A7E55F300FA6F1B /* TestXibViewController.h */,
				D9E8EE9A1A7E55F300FA6F1B /* TestXibViewController.m */,
				D9E8EE9B1A7E55F300FA6F1B /* TestXibViewController.xib */,
				D9C26D251A790011008011D2 /* Images.xcassets */,
				D9C26D271A790011008011D2 /* LaunchScreen.xib */,
				D9C26D181A790011008011D2 /* Supporting Files */,
			);
			path = UIbutton;
			sourceTree = "<group>";
		};
		D9C26D181A790011008011D2 /* Supporting Files */ = {
			isa = PBXGroup;
			children = (
				D9C26D191A790011008011D2 /* Info.plist */,
				D9C26D1A1A790011008011D2 /* main.m */,
			);
			name = "Supporting Files";
			sourceTree = "<group>";
		};
		D9C26D311A790011008011D2 /* UIbuttonTests */ = {
			isa = PBXGroup;
			children = (
				D9C26D341A790011008011D2 /* UIbuttonTests.m */,
				D9C26D321A790011008011D2 /* Supporting Files */,
			);
			path = UIbuttonTests;
			sourceTree = "<group>";
		};
		D9C26D321A790011008011D2 /* Supporting Files */ = {
			isa = PBXGroup;
			children = (
				D9C26D331A790011008011D2 /* Info.plist */,
			);
			name = "Supporting Files";
			sourceTree = "<group>";
		};
/* End PBXGroup section */

/* Begin PBXNativeTarget section */
		D9C26D141A790011008011D2 /* UIbutton */ = {
			isa = PBXNativeTarget;
			buildConfigurationList = D9C26D381A790011008011D2 /* Build configuration list for PBXNativeTarget "UIbutton" */;
			buildPhases = (
				D9C26D111A790011008011D2 /* Sources */,
				D9C26D121A790011008011D2 /* Frameworks */,
				D9C26D131A790011008011D2 /* Resources */,
			);
			buildRules = (
			);
			dependencies = (
			);
			name = UIbutton;
			productName = UIbutton;
			productReference = D9C26D151A790011008011D2 /* UIbutton.app */;
			productType = "com.apple.product-type.application";
		};
		D9C26D2D1A790011008011D2 /* UIbuttonTests */ = {
			isa = PBXNativeTarget;
			buildConfigurationList = D9C26D3B1A790011008011D2 /* Build configuration list for PBXNativeTarget "UIbuttonTests" */;
			buildPhases = (
				D9C26D2A1A790011008011D2 /* Sources */,
				D9C26D2B1A790011008011D2 /* Frameworks */,
				D9C26D2C1A790011008011D2 /* Resources */,
			);
			buildRules = (
			);
			dependencies = (
				D9C26D301A790011008011D2 /* PBXTargetDependency */,
			);
			name = UIbuttonTests;
			productName = UIbuttonTests;
			productReference = D9C26D2E1A790011008011D2 /* UIbuttonTests.xctest */;
			productType = "com.apple.product-type.bundle.unit-test";
		};
/* End PBXNativeTarget section */

/* Begin PBXProject section */
		D9C26D0D1A790011008011D2 /* Project object */ = {
			isa = PBXProject;
			attributes = {
				LastUpgradeCheck = 0610;
				ORGANIZATIONNAME = SQB;
				TargetAttributes = {
					D9C26D141A790011008011D2 = {
						CreatedOnToolsVersion = 6.1.1;
					};
					D9C26D2D1A790011008011D2 = {
						CreatedOnToolsVersion = 6.1.1;
						TestTargetID = D9C26D141A790011008011D2;
					};
				};
			};
			buildConfigurationList = D9C26D101A790011008011D2 /* Build configuration list for PBXProject "UIbutton" */;
			compatibilityVersion = "Xcode 3.2";
			developmentRegion = English;
			hasScannedForEncodings = 0;
			knownRegions = (
				en,
				Base,
			);
			mainGroup = D9C26D0C1A790011008011D2;
			productRefGroup = D9C26D161A790011008011D2 /* Products */;
			projectDirPath = "";
			projectRoot = "";
			targets = (
				D9C26D141A790011008011D2 /* UIbutton */,
				D9C26D2D1A790011008011D2 /* UIbuttonTests */,
			);
		};
/* End PBXProject section */

/* Begin PBXResourcesBuildPhase section */
		D9C26D131A790011008011D2 /* Resources */ = {
			isa = PBXResourcesBuildPhase;
			buildActionMask = 2147483647;
			files = (
				0977C0AD1B8B0CA100E052D8 /* Icon.png in Resources */,
				D9BA3F291A7F160800D14A47 /* MyView.xib in Resources */,
				D9E8EE9D1A7E55F300FA6F1B /* TestXibViewController.xib in Resources */,
				D9C26D241A790011008011D2 /* Main.storyboard in Resources */,
				D9C26D291A790011008011D2 /* LaunchScreen.xib in Resources */,
				D9B8B3311A8A0B6600CBDED5 /* MySecondView.xib in Resources */,
				D9B8B3361A8A0FC500CBDED5 /* FirstViewController.xib in Resources */,
				0977C0AC1B8B0CA100E052D8 /* Icon-76@2x.png in Resources */,
				09D339C61B8B7487002A50AE /* defaultmao.png in Resources */,
				D9C26D261A790011008011D2 /* Images.xcassets in Resources */,
				0977C0AE1B8B0CA100E052D8 /* Icon@2x.png in Resources */,
			);
			runOnlyForDeploymentPostprocessing = 0;
		};
		D9C26D2C1A790011008011D2 /* Resources */ = {
			isa = PBXResourcesBuildPhase;
			buildActionMask = 2147483647;
			files = (
			);
			runOnlyForDeploymentPostprocessing = 0;
		};
/* End PBXResourcesBuildPhase section */

/* Begin PBXSourcesBuildPhase section */
		D9C26D111A790011008011D2 /* Sources */ = {
			isa = PBXSourcesBuildPhase;
			buildActionMask = 2147483647;
			files = (
				D9E8EE9C1A7E55F300FA6F1B /* TestXibViewController.m in Sources */,
				D9C26D211A790011008011D2 /* ViewController.m in Sources */,
				09D2E9F91B954E30006A0126 /* NSString+NSDate.m in Sources */,
				09ECC3991BA12F0600B9088C /* NSArray判断空值.m in Sources */,
				D9B8B3351A8A0FC500CBDED5 /* FirstViewController.m in Sources */,
				D9B8B32F1A8A0B4800CBDED5 /* MySecondView.m in Sources */,
				09D3C4FA1B8EB69C0073BBE7 /* TextFieldViewController.m in Sources */,
				D9BA3F251A7F15DB00D14A47 /* MyView.m in Sources */,
				D9C26D1E1A790011008011D2 /* AppDelegate.m in Sources */,
				D9C26D1B1A790011008011D2 /* main.m in Sources */,
			);
			runOnlyForDeploymentPostprocessing = 0;
		};
		D9C26D2A1A790011008011D2 /* Sources */ = {
			isa = PBXSourcesBuildPhase;
			buildActionMask = 2147483647;
			files = (
				D9C26D351A790011008011D2 /* UIbuttonTests.m in Sources */,
			);
			runOnlyForDeploymentPostprocessing = 0;
		};
/* End PBXSourcesBuildPhase section */

/* Begin PBXTargetDependency section */
		D9C26D301A790011008011D2 /* PBXTargetDependency */ = {
			isa = PBXTargetDependency;
			target = D9C26D141A790011008011D2 /* UIbutton */;
			targetProxy = D9C26D2F1A790011008011D2 /* PBXContainerItemProxy */;
		};
/* End PBXTargetDependency section */

/* Begin PBXVariantGroup section */
		D9C26D221A790011008011D2 /* Main.storyboard */ = {
			isa = PBXVariantGroup;
			children = (
				D9C26D231A790011008011D2 /* Base */,
			);
			name = Main.storyboard;
			sourceTree = "<group>";
		};
		D9C26D271A790011008011D2 /* LaunchScreen.xib */ = {
			isa = PBXVariantGroup;
			children = (
				D9C26D281A790011008011D2 /* Base */,
			);
			name = LaunchScreen.xib;
			sourceTree = "<group>";
		};
/* End PBXVariantGroup section */

/* Begin XCBuildConfiguration section */
		D9C26D361A790011008011D2 /* Debug */ = {
			isa = XCBuildConfiguration;
			buildSettings = {
				ALWAYS_SEARCH_USER_PATHS = NO;
				CLANG_CXX_LANGUAGE_STANDARD = "gnu++0x";
				CLANG_CXX_LIBRARY = "libc++";
				CLANG_ENABLE_MODULES = YES;
				CLANG_ENABLE_OBJC_ARC = YES;
				CLANG_WARN_BOOL_CONVERSION = YES;
				CLANG_WARN_CONSTANT_CONVERSION = YES;
				CLANG_WARN_DIRECT_OBJC_ISA_USAGE = YES_ERROR;
				CLANG_WARN_EMPTY_BODY = YES;
				CLANG_WARN_ENUM_CONVERSION = YES;
				CLANG_WARN_INT_CONVERSION = YES;
				CLANG_WARN_OBJC_ROOT_CLASS = YES_ERROR;
				CLANG_WARN_UNREACHABLE_CODE = YES;
				CLANG_WARN__DUPLICATE_METHOD_MATCH = YES;
				"CODE_SIGN_IDENTITY[sdk=iphoneos*]" = "iPhone Developer";
				COPY_PHASE_STRIP = NO;
				ENABLE_STRICT_OBJC_MSGSEND = YES;
				GCC_C_LANGUAGE_STANDARD = gnu99;
				GCC_DYNAMIC_NO_PIC = NO;
				GCC_OPTIMIZATION_LEVEL = 0;
				GCC_PREPROCESSOR_DEFINITIONS = (
					"DEBUG=1",
					"$(inherited)",
				);
				GCC_SYMBOLS_PRIVATE_EXTERN = NO;
				GCC_WARN_64_TO_32_BIT_CONVERSION = YES;
				GCC_WARN_ABOUT_RETURN_TYPE = YES_ERROR;
				GCC_WARN_UNDECLARED_SELECTOR = YES;
				GCC_WARN_UNINITIALIZED_AUTOS = YES_AGGRESSIVE;
				GCC_WARN_UNUSED_FUNCTION = YES;
				GCC_WARN_UNUSED_VARIABLE = YES;
				IPHONEOS_DEPLOYMENT_TARGET = 8.1;
				MTL_ENABLE_DEBUG_INFO = YES;
				ONLY_ACTIVE_ARCH = YES;
				SDKROOT = iphoneos;
			};
			name = Debug;
		};
		D9C26D371A790011008011D2 /* Release */ = {
			isa = XCBuildConfiguration;
			buildSettings = {
				ALWAYS_SEARCH_USER_PATHS = NO;
				CLANG_CXX_LANGUAGE_STANDARD = "gnu++0x";
				CLANG_CXX_LIBRARY = "libc++";
				CLANG_ENABLE_MODULES = YES;
				CLANG_ENABLE_OBJC_ARC = YES;
				CLANG_WARN_BOOL_CONVERSION = YES;
				CLANG_WARN_CONSTANT_CONVERSION = YES;
				CLANG_WARN_DIRECT_OBJC_ISA_USAGE = YES_ERROR;
				CLANG_WARN_EMPTY_BODY = YES;
				CLANG_WARN_ENUM_CONVERSION = YES;
				CLANG_WARN_INT_CONVERSION = YES;
				CLANG_WARN_OBJC_ROOT_CLASS = YES_ERROR;
				CLANG_WARN_UNREACHABLE_CODE = YES;
				CLANG_WARN__DUPLICATE_METHOD_MATCH = YES;
				"CODE_SIGN_IDENTITY[sdk=iphoneos*]" = "iPhone Developer";
				COPY_PHASE_STRIP = YES;
				ENABLE_NS_ASSERTIONS = NO;
				ENABLE_STRICT_OBJC_MSGSEND = YES;
				GCC_C_LANGUAGE_STANDARD = gnu99;
				GCC_WARN_64_TO_32_BIT_CONVERSION = YES;
				GCC_WARN_ABOUT_RETURN_TYPE = YES_ERROR;
				GCC_WARN_UNDECLARED_SELECTOR = YES;
				GCC_WARN_UNINITIALIZED_AUTOS = YES_AGGRESSIVE;
				GCC_WARN_UNUSED_FUNCTION = YES;
				GCC_WARN_UNUSED_VARIABLE = YES;
				IPHONEOS_DEPLOYMENT_TARGET = 8.1;
				MTL_ENABLE_DEBUG_INFO = NO;
				SDKROOT = iphoneos;
				VALIDATE_PRODUCT = YES;
			};
			name = Release;
		};
		D9C26D391A790011008011D2 /* Debug */ = {
			isa = XCBuildConfiguration;
			buildSettings = {
				ASSETCATALOG_COMPILER_APPICON_NAME = AppIcon;
				INFOPLIST_FILE = UIbutton/Info.plist;
				LD_RUNPATH_SEARCH_PATHS = "$(inherited) @executable_path/Frameworks";
				PRODUCT_NAME = "$(TARGET_NAME)";
			};
			name = Debug;
		};
		D9C26D3A1A790011008011D2 /* Release */ = {
			isa = XCBuildConfiguration;
			buildSettings = {
				ASSETCATALOG_COMPILER_APPICON_NAME = AppIcon;
				INFOPLIST_FILE = UIbutton/Info.plist;
				LD_RUNPATH_SEARCH_PATHS = "$(inherited) @executable_path/Frameworks";
				PRODUCT_NAME = "$(TARGET_NAME)";
			};
			name = Release;
		};
		D9C26D3C1A790011008011D2 /* Debug */ = {
			isa = XCBuildConfiguration;
			buildSettings = {
				BUNDLE_LOADER = "$(TEST_HOST)";
				FRAMEWORK_SEARCH_PATHS = (
					"$(SDKROOT)/Developer/Library/Frameworks",
					"$(inherited)",
				);
				GCC_PREPROCESSOR_DEFINITIONS = (
					"DEBUG=1",
					"$(inherited)",
				);
				INFOPLIST_FILE = UIbuttonTests/Info.plist;
				LD_RUNPATH_SEARCH_PATHS = "$(inherited) @executable_path/Frameworks @loader_path/Frameworks";
				PRODUCT_NAME = "$(TARGET_NAME)";
				TEST_HOST = "$(BUILT_PRODUCTS_DIR)/UIbutton.app/UIbutton";
			};
			name = Debug;
		};
		D9C26D3D1A790011008011D2 /* Release */ = {
			isa = XCBuildConfiguration;
			buildSettings = {
				BUNDLE_LOADER = "$(TEST_HOST)";
				FRAMEWORK_SEARCH_PATHS = (
					"$(SDKROOT)/Developer/Library/Frameworks",
					"$(inherited)",
				);
				INFOPLIST_FILE = UIbuttonTests/Info.plist;
				LD_RUNPATH_SEARCH_PATHS = "$(inherited) @executable_path/Frameworks @loader_path/Frameworks";
				PRODUCT_NAME = "$(TARGET_NAME)";
				TEST_HOST = "$(BUILT_PRODUCTS_DIR)/UIbutton.app/UIbutton";
			};
			name = Release;
		};
/* End XCBuildConfiguration section */

/* Begin XCConfigurationList section */
		D9C26D101A790011008011D2 /* Build configuration list for PBXProject "UIbutton" */ = {
			isa = XCConfigurationList;
			buildConfigurations = (
				D9C26D361A790011008011D2 /* Debug */,
				D9C26D371A790011008011D2 /* Release */,
			);
			defaultConfigurationIsVisible = 0;
			defaultConfigurationName = Release;
		};
		D9C26D381A790011008011D2 /* Build configuration list for PBXNativeTarget "UIbutton" */ = {
			isa = XCConfigurationList;
			buildConfigurations = (
				D9C26D391A790011008011D2 /* Debug */,
				D9C26D3A1A790011008011D2 /* Release */,
			);
			defaultConfigurationIsVisible = 0;
			defaultConfigurationName = Release;
		};
		D9C26D3B1A790011008011D2 /* Build configuration list for PBXNativeTarget "UIbuttonTests" */ = {
			isa = XCConfigurationList;
			buildConfigurations = (
				D9C26D3C1A790011008011D2 /* Debug */,
				D9C26D3D1A790011008011D2 /* Release */,
			);
			defaultConfigurationIsVisible = 0;
			defaultConfigurationName = Release;
		};
/* End XCConfigurationList section */
	};
	rootObject = D9C26D0D1A790011008011D2 /* Project object */;
}
